
Microsoft Visual Studio Solution File, Format Version 12.00
# Visual Studio Version 17
VisualStudioVersion = 17.14.36401.2 d17.14
MinimumVisualStudioVersion = 10.0.40219.1
Project("{FAE04EC0-301F-11D3-BF4B-00C04F79EFBC}") = "CSharpBasicsPractice", "CSharpBasicsPractice.csproj", "{8180D289-AE33-4290-9EA7-96203089BEAB}"
EndProject
Global
	GlobalSection(SolutionConfigurationPlatforms) = preSolution
		Debug|Any CPU = Debug|Any CPU
		Release|Any CPU = Release|Any CPU
	EndGlobalSection
	GlobalSection(ProjectConfigurationPlatforms) = postSolution
		{8180D289-AE33-4290-9EA7-96203089BEAB}.Debug|Any CPU.ActiveCfg = Debug|Any CPU
		{8180D289-AE33-4290-9EA7-96203089BEAB}.Debug|Any CPU.Build.0 = Debug|Any CPU
		{8180D289-AE33-4290-9EA7-96203089BEAB}.Release|Any CPU.ActiveCfg = Release|Any CPU
		{8180D289-AE33-4290-9EA7-96203089BEAB}.Release|Any CPU.Build.0 = Release|Any CPU
	EndGlobalSection
	GlobalSection(SolutionProperties) = preSolution
		HideSolutionNode = FALSE
	EndGlobalSection
	GlobalSection(ExtensibilityGlobals) = postSolution
		SolutionGuid = {28323A06-F6B5-4E92-8D2F-CBA5CB1E104A}
	EndGlobalSection
EndGlobal
